
Microsoft Visual Studio Solution File, Format Version 12.00
# Visual Studio Version 17
VisualStudioVersion = 17.7.34031.279
MinimumVisualStudioVersion = 10.0.40219.1
Project("{FAE04EC0-301F-11D3-BF4B-00C04F79EFBC}") = "lab 8 high level", "lab 8 high level\lab 8 high level.csproj", "{55232341-B338-46FE-9F59-086D145263E7}"
EndProject
Global
	GlobalSection(SolutionConfigurationPlatforms) = preSolution
		Debug|Any CPU = Debug|Any CPU
		Release|Any CPU = Release|Any CPU
	EndGlobalSection
	GlobalSection(ProjectConfigurationPlatforms) = postSolution
		{55232341-B338-46FE-9F59-086D145263E7}.Debug|Any CPU.ActiveCfg = Debug|Any CPU
		{55232341-B338-46FE-9F59-086D145263E7}.Debug|Any CPU.Build.0 = Debug|Any CPU
		{55232341-B338-46FE-9F59-086D145263E7}.Release|Any CPU.ActiveCfg = Release|Any CPU
		{55232341-B338-46FE-9F59-086D145263E7}.Release|Any CPU.Build.0 = Release|Any CPU
	EndGlobalSection
	GlobalSection(SolutionProperties) = preSolution
		HideSolutionNode = FALSE
	EndGlobalSection
	GlobalSection(ExtensibilityGlobals) = postSolution
		SolutionGuid = {9AB6853B-5887-44EE-9E2A-DA4DEC74151C}
	EndGlobalSection
EndGlobal
